
Microsoft Visual Studio Solution File, Format Version 12.00
# Visual Studio Version 17
VisualStudioVersion = 17.2.32602.215
MinimumVisualStudioVersion = 10.0.40219.1
Project("{FAE04EC0-301F-11D3-BF4B-00C04F79EFBC}") = "Antra_C_Assignment_3", "Antra_C_Assignment_3\Antra_C_Assignment_3.csproj", "{DEA4EC5F-D4E4-417F-B41E-20DC696766C7}"
EndProject
Global
	GlobalSection(SolutionConfigurationPlatforms) = preSolution
		Debug|Any CPU = Debug|Any CPU
		Release|Any CPU = Release|Any CPU
	EndGlobalSection
	GlobalSection(ProjectConfigurationPlatforms) = postSolution
		{DEA4EC5F-D4E4-417F-B41E-20DC696766C7}.Debug|Any CPU.ActiveCfg = Debug|Any CPU
		{DEA4EC5F-D4E4-417F-B41E-20DC696766C7}.Debug|Any CPU.Build.0 = Debug|Any CPU
		{DEA4EC5F-D4E4-417F-B41E-20DC696766C7}.Release|Any CPU.ActiveCfg = Release|Any CPU
		{DEA4EC5F-D4E4-417F-B41E-20DC696766C7}.Release|Any CPU.Build.0 = Release|Any CPU
	EndGlobalSection
	GlobalSection(SolutionProperties) = preSolution
		HideSolutionNode = FALSE
	EndGlobalSection
	GlobalSection(ExtensibilityGlobals) = postSolution
		SolutionGuid = {492D19CB-445F-4817-846A-9A28107577E9}
	EndGlobalSection
EndGlobal
